{
    "_meta": {
        "hash": {
            "sha256": "52eaf2103f7d2902d040b3b2491841aa60623898b0fa5807f792b46f730de68d"
        },
        "host-environment-markers": {
            "implementation_name": "cpython",
            "implementation_version": "0",
            "os_name": "posix",
            "platform_machine": "x86_64",
            "platform_python_implementation": "CPython",
            "platform_release": "14.5.0",
            "platform_system": "Darwin",
            "platform_version": "Darwin Kernel Version 14.5.0: Wed Jul 29 02:26:53 PDT 2015; root:xnu-2782.40.9~1/RELEASE_X86_64",
            "python_full_version": "2.7.10",
            "python_version": "2.7",
            "sys_platform": "darwin"
        },
        "pipfile-spec": 6,
        "requires": {},
        "sources": [
            {
                "name": "pypi",
                "url": "https://pypi.python.org/simple",
                "verify_ssl": true
            }
        ]
    },
    "default": {
        "alembic": {
            "hashes": [
                "sha256:46f4849c6dce69f54dd5001b3215b6a983dee6b17512efee10e237fa11f20cfa"
            ],
            "version": "==0.9.7"
        },
        "argparse": {
            "hashes": [
                "sha256:ddaf4b0a618335a32b6664d4ae038a1de8fbada3b25033f9021510ed2b3941a4"
            ],
            "version": "==1.2.1"
        },
        "boto": {
            "hashes": [
                "sha256:bcff5e55e45a8fe0c3771e8056021d48714de96421d1edeec36d12f737503997",
                "sha256:c1599e66174a6cab633cb6bf5ec2590cce104c23d16395c02bda5ed93ea7947c"
            ],
            "version": "==2.28.0"
        },
        "flask": {
            "hashes": [
                "sha256:4c83829ff83d408b5e1d4995472265411d2c414112298f2eb4b359d9e4563373"
            ],
            "version": "==0.10.1"
        },
        "flask-migrate": {
            "hashes": [
                "sha256:493f9b3795985b9b4915bf3b7d16946697f027b73545384e7d9e3a79f989d2fe",
                "sha256:b709ca8642559c3c5a81a33ab10839fa052177accd5ba821047a99db635255ed"
            ],
            "version": "==2.1.1"
        },
        "flask-script": {
            "hashes": [
                "sha256:6425963d91054cfcc185807141c7314a9c5ad46325911bd24dcb489bd0161c65"
            ],
            "version": "==2.0.6"
        },
        "flask-sqlalchemy": {
            "hashes": [
                "sha256:990387d2cff83df7feb40e9d6b286f2679144258480249cbd47b88dc0939e886"
            ],
            "version": "==2.0"
        },
        "flask-wtf": {
            "hashes": [
                "sha256:df793b77a6b10d42abc9c948d99d35a8c86d11f2d711200235328601b5c12901",
                "sha256:40da66462df074c2a0fd209e6047972bc226125f6c484c8e367ea10e71ddd718"
            ],
            "version": "==0.10.3"
        },
        "gunicorn": {
            "hashes": [
                "sha256:75af03c99389535f218cc596c7de74df4763803f7b63eb09d77e92b3956b36c6",
                "sha256:eee1169f0ca667be05db3351a0960765620dad53f53434262ff8901b68a1b622"
            ],
            "version": "==19.7.1"
        },
        "itsdangerous": {
            "hashes": [
                "sha256:cbb3fcf8d3e33df861709ecaf89d9e6629cff0a217bc2848f1b41cd30d360519"
            ],
            "version": "==0.24"
        },
        "jinja2": {
            "hashes": [
                "sha256:2e24ac5d004db5714976a04ac0e80c6df6e47e98c354cb2c0d82f8879d4f8fdb"
            ],
            "version": "==2.7.3"
        },
        "mako": {
            "hashes": [
                "sha256:4e02fde57bd4abb5ec400181e4c314f56ac3e49ba4fb8b0d50bba18cb27d25ae"
            ],
            "version": "==1.0.7"
        },
        "markupsafe": {
            "hashes": [
                "sha256:a4ec1aff59b95a14b45eb2e23761a0179e98319da5a7eb76b56ea8cdc7b871c3"
            ],
            "version": "==0.23"
        },
        "psycopg2": {
            "hashes": [
                "sha256:594aa9a095de16614f703d759e10c018bdffeafce2921b8e80a0e8a0ebbc12e5",
                "sha256:1cf5d84290c771eeecb734abe2c6c3120e9837eb12f99474141a862b9061ac51",
                "sha256:0344b181e1aea37a58c218ccb0f0f771295de9aa25a625ed076e6996c6530f9e",
                "sha256:25250867a4cd1510fb755ef9cb38da3065def999d8e92c44e49a39b9b76bc893",
                "sha256:317612d5d0ca4a9f7e42afb2add69b10be360784d21ce4ecfbca19f1f5eadf43",
                "sha256:9d6266348b15b4a48623bf4d3e50445d8e581da413644f365805b321703d0fac",
                "sha256:ddca39cc55877653b5fcf59976d073e3d58c7c406ef54ae8e61ddf8782867182",
                "sha256:988d2ec7560d42ef0ac34b3b97aad14c4f068792f00e1524fa1d3749fe4e4b64",
                "sha256:7a9c6c62e6e05df5406e9b5235c31c376a22620ef26715a663cee57083b3c2ea",
                "sha256:7a75565181e75ba0b9fb174b58172bf6ea9b4331631cfe7bafff03f3641f5d73",
                "sha256:94e4128ba1ea56f02522fffac65520091a9de3f5c00da31539e085e13db4771b",
                "sha256:92179bd68c2efe72924a99b6745a9172471931fc296f9bfdf9645b75eebd6344",
                "sha256:b9358e203168fef7bfe9f430afaed3a2a624717a1d19c7afa7dfcbd76e3cd95c",
                "sha256:009e0bc09a57dbef4b601cb8b46a2abad51f5274c8be4bba276ff2884cd4cc53",
                "sha256:d3ac07240e2304181ffdb13c099840b5eb555efc7be9344503c0c03aa681de79",
                "sha256:40fa5630cd7d237cd93c4d4b64b9e5ed9273d1cfce55241c7f9066f5db70629d",
                "sha256:6c2f1a76a9ebd9ecf7825b9e20860139ca502c2bf1beabf6accf6c9e66a7e0c3",
                "sha256:37f54452c7787dbdc0a634ca9773362b91709917f0b365ed14b831f03cbd34ba",
                "sha256:8f5942a4daf1ffac42109dc4a72f786af4baa4fa702ede1d7c57b4b696c2e7d6",
                "sha256:bf708455cd1e9fa96c05126e89a0c59b200d086c7df7bbafc7d9be769e4149a3",
                "sha256:82c40ea3ac1555e0462803380609fbe8b26f52620f3d4f8eb480cfd8ceed8a14",
                "sha256:207ba4f9125a0a4200691e82d5eee7ea1485708eabe99a07fc7f08696fae62f4",
                "sha256:0cd4c848f0e9d805d531e44973c8f48962e20eb7fc0edac3db4f9dbf9ed5ab82",
                "sha256:57baf63aeb2965ca4b52613ce78e968b6d2bde700c97f6a7e8c6c236b51ab83e",
                "sha256:2954557393cfc9a5c11a5199c7a78cd9c0c793a047552d27b1636da50d013916",
                "sha256:7c31dade89634807196a6b20ced831fbd5bec8a21c4e458ea950c9102c3aa96f",
                "sha256:1286dd16d0e46d59fa54582725986704a7a3f3d9aca6c5902a7eceb10c60cb7e",
                "sha256:697ff63bc5451e0b0db48ad205151123d25683b3754198be7ab5fcb44334e519",
                "sha256:fc993c9331d91766d54757bbc70231e29d5ceb2d1ac08b1570feaa0c38ab9582",
                "sha256:9d64fed2681552ed642e9c0cc831a9e95ab91de72b47d0cb68b5bf506ba88647",
                "sha256:5c3213be557d0468f9df8fe2487eaf2990d9799202c5ff5cb8d394d09fad9b2a"
            ],
            "version": "==2.7.3.2"
        },
        "pymysql": {
            "hashes": [
                "sha256:aa6e573cac12bbfc80f88356d1f1cdca96affa6e4f767825f1cf9f9ddd3125ae",
                "sha256:07c6f082597cb7e048f3d96646334a17dd0ed263e080f9cc2c0762bb04cd6b35"
            ],
            "version": "==0.6.3"
        },
        "python-dateutil": {
            "hashes": [
                "sha256:95511bae634d69bc7329ba55e646499a842bc4ec342ad54a8cdb65645a0aad3c",
                "sha256:891c38b2a02f5bb1be3e4793866c8df49c7d19baabf9c1bad62547e0b4866aca"
            ],
            "version": "==2.6.1"
        },
        "python-editor": {
            "hashes": [
                "sha256:a3c066acee22a1c94f63938341d4fb374e3fdd69366ed6603d7b24bed1efc565"
            ],
            "version": "==1.0.3"
        },
        "requests": {
            "hashes": [
                "sha256:113fbba5531a9e34945b7d36b33a084e8ba5d0664b703c81a7c572d91919a5b8",
                "sha256:c577815dd00f1394203fc44eb979724b098f88264a9ef898ee45b8e5e9cf587f"
            ],
            "version": "==2.9.1"
        },
        "six": {
            "hashes": [
                "sha256:832dc0e10feb1aa2c68dcc57dbb658f1c7e65b9b61af69048abc87a2db00a0eb",
                "sha256:70e8a77beed4562e7f14fe23a786b54f6296e34344c23bc42f07b15018ff98e9"
            ],
            "version": "==1.11.0"
        },
        "sqlalchemy": {
            "hashes": [
                "sha256:de3ac04ecab0a7e0af64eee30a71e723ba5886b958205f7354dd62439da60389"
            ],
            "version": "==0.9.8"
        },
        "werkzeug": {
            "hashes": [
                "sha256:7f11e7e2e73eb22677cac1b11113eb6106f66cedef13d140e83cf6563c90b79c"
            ],
            "version": "==0.9.6"
        },
        "wtforms": {
            "hashes": [
                "sha256:62859c74be4683601b5265ba83b9babd8a8f1cdd0ba31600fa1e70d295cd4ed2"
            ],
            "version": "==2.0.1"
        }
    },
    "develop": {}
}
